
Microsoft Visual Studio Solution File, Format Version 12.00
# Visual Studio Version 17
VisualStudioVersion = 17.7.34024.191
MinimumVisualStudioVersion = 10.0.40219.1
Project("{FAE04EC0-301F-11D3-BF4B-00C04F79EFBC}") = "BlocDeNotas", "BlocDeNotas\BlocDeNotas.csproj", "{827B1001-A9B7-47FD-86DD-007CC9DDFD6D}"
EndProject
Global
	GlobalSection(SolutionConfigurationPlatforms) = preSolution
		Debug|Any CPU = Debug|Any CPU
		Release|Any CPU = Release|Any CPU
	EndGlobalSection
	GlobalSection(ProjectConfigurationPlatforms) = postSolution
		{827B1001-A9B7-47FD-86DD-007CC9DDFD6D}.Debug|Any CPU.ActiveCfg = Debug|Any CPU
		{827B1001-A9B7-47FD-86DD-007CC9DDFD6D}.Debug|Any CPU.Build.0 = Debug|Any CPU
		{827B1001-A9B7-47FD-86DD-007CC9DDFD6D}.Release|Any CPU.ActiveCfg = Release|Any CPU
		{827B1001-A9B7-47FD-86DD-007CC9DDFD6D}.Release|Any CPU.Build.0 = Release|Any CPU
	EndGlobalSection
	GlobalSection(SolutionProperties) = preSolution
		HideSolutionNode = FALSE
	EndGlobalSection
	GlobalSection(ExtensibilityGlobals) = postSolution
		SolutionGuid = {DDE94A3E-F631-4837-B408-E6CBB62FB01E}
	EndGlobalSection
EndGlobal
